
Microsoft Visual Studio Solution File, Format Version 12.00
# Visual Studio 14
VisualStudioVersion = 14.0.25420.1
MinimumVisualStudioVersion = 10.0.40219.1
Project("{FAE04EC0-301F-11D3-BF4B-00C04F79EFBC}") = "Teh01", "Teh01\Teh01.csproj", "{46EADAC0-097E-4DCD-A4B9-5B5D710E25B3}"
EndProject
Project("{FAE04EC0-301F-11D3-BF4B-00C04F79EFBC}") = "Teh01b", "Teh01b\Teh01b.csproj", "{50867D18-7BE2-4147-B88B-1E383246B7D7}"
EndProject
Project("{FAE04EC0-301F-11D3-BF4B-00C04F79EFBC}") = "Teh02", "Teh02\Teh02.csproj", "{483D4FF0-7E5B-4B19-BBA1-84BC1DB5EB23}"
EndProject
Project("{FAE04EC0-301F-11D3-BF4B-00C04F79EFBC}") = "Teh03", "Teh03\Teh03.csproj", "{12D1D759-151C-4BAD-9E37-021DD746F5DF}"
EndProject
Project("{FAE04EC0-301F-11D3-BF4B-00C04F79EFBC}") = "Teh04", "Teh04\Teh04.csproj", "{D723674E-F379-4D30-80D4-B4D90CC418D3}"
EndProject
Project("{FAE04EC0-301F-11D3-BF4B-00C04F79EFBC}") = "Teh05", "Teh05\Teh05.csproj", "{97C21784-9394-4453-837B-C55A11A80955}"
EndProject
Project("{FAE04EC0-301F-11D3-BF4B-00C04F79EFBC}") = "Teh06", "Teh06\Teh06.csproj", "{0AE2A0C3-9723-4786-98A0-AC6049C1AB1E}"
EndProject
Global
	GlobalSection(SolutionConfigurationPlatforms) = preSolution
		Debug|Any CPU = Debug|Any CPU
		Release|Any CPU = Release|Any CPU
	EndGlobalSection
	GlobalSection(ProjectConfigurationPlatforms) = postSolution
		{46EADAC0-097E-4DCD-A4B9-5B5D710E25B3}.Debug|Any CPU.ActiveCfg = Debug|Any CPU
		{46EADAC0-097E-4DCD-A4B9-5B5D710E25B3}.Debug|Any CPU.Build.0 = Debug|Any CPU
		{46EADAC0-097E-4DCD-A4B9-5B5D710E25B3}.Release|Any CPU.ActiveCfg = Release|Any CPU
		{46EADAC0-097E-4DCD-A4B9-5B5D710E25B3}.Release|Any CPU.Build.0 = Release|Any CPU
		{50867D18-7BE2-4147-B88B-1E383246B7D7}.Debug|Any CPU.ActiveCfg = Debug|Any CPU
		{50867D18-7BE2-4147-B88B-1E383246B7D7}.Debug|Any CPU.Build.0 = Debug|Any CPU
		{50867D18-7BE2-4147-B88B-1E383246B7D7}.Release|Any CPU.ActiveCfg = Release|Any CPU
		{50867D18-7BE2-4147-B88B-1E383246B7D7}.Release|Any CPU.Build.0 = Release|Any CPU
		{483D4FF0-7E5B-4B19-BBA1-84BC1DB5EB23}.Debug|Any CPU.ActiveCfg = Debug|Any CPU
		{483D4FF0-7E5B-4B19-BBA1-84BC1DB5EB23}.Debug|Any CPU.Build.0 = Debug|Any CPU
		{483D4FF0-7E5B-4B19-BBA1-84BC1DB5EB23}.Release|Any CPU.ActiveCfg = Release|Any CPU
		{483D4FF0-7E5B-4B19-BBA1-84BC1DB5EB23}.Release|Any CPU.Build.0 = Release|Any CPU
		{12D1D759-151C-4BAD-9E37-021DD746F5DF}.Debug|Any CPU.ActiveCfg = Debug|Any CPU
		{12D1D759-151C-4BAD-9E37-021DD746F5DF}.Debug|Any CPU.Build.0 = Debug|Any CPU
		{12D1D759-151C-4BAD-9E37-021DD746F5DF}.Release|Any CPU.ActiveCfg = Release|Any CPU
		{12D1D759-151C-4BAD-9E37-021DD746F5DF}.Release|Any CPU.Build.0 = Release|Any CPU
		{D723674E-F379-4D30-80D4-B4D90CC418D3}.Debug|Any CPU.ActiveCfg = Debug|Any CPU
		{D723674E-F379-4D30-80D4-B4D90CC418D3}.Debug|Any CPU.Build.0 = Debug|Any CPU
		{D723674E-F379-4D30-80D4-B4D90CC418D3}.Release|Any CPU.ActiveCfg = Release|Any CPU
		{D723674E-F379-4D30-80D4-B4D90CC418D3}.Release|Any CPU.Build.0 = Release|Any CPU
		{97C21784-9394-4453-837B-C55A11A80955}.Debug|Any CPU.ActiveCfg = Debug|Any CPU
		{97C21784-9394-4453-837B-C55A11A80955}.Debug|Any CPU.Build.0 = Debug|Any CPU
		{97C21784-9394-4453-837B-C55A11A80955}.Release|Any CPU.ActiveCfg = Release|Any CPU
		{97C21784-9394-4453-837B-C55A11A80955}.Release|Any CPU.Build.0 = Release|Any CPU
		{0AE2A0C3-9723-4786-98A0-AC6049C1AB1E}.Debug|Any CPU.ActiveCfg = Debug|Any CPU
		{0AE2A0C3-9723-4786-98A0-AC6049C1AB1E}.Debug|Any CPU.Build.0 = Debug|Any CPU
		{0AE2A0C3-9723-4786-98A0-AC6049C1AB1E}.Release|Any CPU.ActiveCfg = Release|Any CPU
		{0AE2A0C3-9723-4786-98A0-AC6049C1AB1E}.Release|Any CPU.Build.0 = Release|Any CPU
	EndGlobalSection
	GlobalSection(SolutionProperties) = preSolution
		HideSolutionNode = FALSE
	EndGlobalSection
EndGlobal
