
Microsoft Visual Studio Solution File, Format Version 12.00
# Visual Studio 14
VisualStudioVersion = 14.0.25420.1
MinimumVisualStudioVersion = 10.0.40219.1
Project("{FAE04EC0-301F-11D3-BF4B-00C04F79EFBC}") = "Teh01", "Teh01\Teh01.csproj", "{46EADAC0-097E-4DCD-A4B9-5B5D710E25B3}"
EndProject
Project("{FAE04EC0-301F-11D3-BF4B-00C04F79EFBC}") = "Teh01b", "Teh01b\Teh01b.csproj", "{50867D18-7BE2-4147-B88B-1E383246B7D7}"
EndProject
Project("{FAE04EC0-301F-11D3-BF4B-00C04F79EFBC}") = "Teh02", "Teh02\Teh02.csproj", "{483D4FF0-7E5B-4B19-BBA1-84BC1DB5EB23}"
EndProject
Project("{FAE04EC0-301F-11D3-BF4B-00C04F79EFBC}") = "Teh03", "Teh03\Teh03.csproj", "{12D1D759-151C-4BAD-9E37-021DD746F5DF}"
EndProject
Project("{FAE04EC0-301F-11D3-BF4B-00C04F79EFBC}") = "Teh04", "Teh04\Teh04.csproj", "{D723674E-F379-4D30-80D4-B4D90CC418D3}"
EndProject
Project("{FAE04EC0-301F-11D3-BF4B-00C04F79EFBC}") = "Teh05", "Teh05\Teh05.csproj", "{97C21784-9394-4453-837B-C55A11A80955}"
EndProject
Project("{FAE04EC0-301F-11D3-BF4B-00C04F79EFBC}") = "Teh06", "Teh06\Teh06.csproj", "{0AE2A0C3-9723-4786-98A0-AC6049C1AB1E}"
EndProject
Project("{FAE04EC0-301F-11D3-BF4B-00C04F79EFBC}") = "Teh07", "Teh07\Teh07.csproj", "{273D4739-B774-4779-91D2-BD409EE16FC9}"
EndProject
Project("{FAE04EC0-301F-11D3-BF4B-00C04F79EFBC}") = "Teh08", "Teh08\Teh08.csproj", "{5AC7B2AD-9588-465E-BE45-1AD234EEA01C}"
EndProject
Project("{FAE04EC0-301F-11D3-BF4B-00C04F79EFBC}") = "Teh09", "Teh09\Teh09.csproj", "{47DBA288-D8F6-4F28-9318-C58F30D6D9BE}"
EndProject
Project("{FAE04EC0-301F-11D3-BF4B-00C04F79EFBC}") = "Teh10", "Teh10\Teh10.csproj", "{14E9B416-433F-4025-82DD-9EBAA91FCACF}"
EndProject
Project("{FAE04EC0-301F-11D3-BF4B-00C04F79EFBC}") = "Teh11", "Teh11\Teh11.csproj", "{78DCB076-5458-424B-B3F5-A024E0C34D33}"
EndProject
Project("{FAE04EC0-301F-11D3-BF4B-00C04F79EFBC}") = "Teh12", "Teh12\Teh12.csproj", "{7EAD271B-89EE-465B-9682-107852B94FDB}"
EndProject
Project("{FAE04EC0-301F-11D3-BF4B-00C04F79EFBC}") = "Teh13", "Teh13\Teh13.csproj", "{09B1C014-A98E-4DD7-BAA3-C9EDB627B1BC}"
EndProject
Project("{FAE04EC0-301F-11D3-BF4B-00C04F79EFBC}") = "Teh14", "Teh14\Teh14.csproj", "{E2AE3C59-F66C-4ADA-8E55-7E22FFCCED3F}"
EndProject
Project("{FAE04EC0-301F-11D3-BF4B-00C04F79EFBC}") = "Teh15", "Teh15\Teh15.csproj", "{E2268090-D73A-44FD-A9CE-7BD31B8A8FEF}"
EndProject
Project("{FAE04EC0-301F-11D3-BF4B-00C04F79EFBC}") = "Teh16", "Teh16\Teh16.csproj", "{D9629649-B859-468F-8696-4576A3A0354D}"
EndProject
Global
	GlobalSection(SolutionConfigurationPlatforms) = preSolution
		Debug|Any CPU = Debug|Any CPU
		Release|Any CPU = Release|Any CPU
	EndGlobalSection
	GlobalSection(ProjectConfigurationPlatforms) = postSolution
		{46EADAC0-097E-4DCD-A4B9-5B5D710E25B3}.Debug|Any CPU.ActiveCfg = Debug|Any CPU
		{46EADAC0-097E-4DCD-A4B9-5B5D710E25B3}.Debug|Any CPU.Build.0 = Debug|Any CPU
		{46EADAC0-097E-4DCD-A4B9-5B5D710E25B3}.Release|Any CPU.ActiveCfg = Release|Any CPU
		{46EADAC0-097E-4DCD-A4B9-5B5D710E25B3}.Release|Any CPU.Build.0 = Release|Any CPU
		{50867D18-7BE2-4147-B88B-1E383246B7D7}.Debug|Any CPU.ActiveCfg = Debug|Any CPU
		{50867D18-7BE2-4147-B88B-1E383246B7D7}.Debug|Any CPU.Build.0 = Debug|Any CPU
		{50867D18-7BE2-4147-B88B-1E383246B7D7}.Release|Any CPU.ActiveCfg = Release|Any CPU
		{50867D18-7BE2-4147-B88B-1E383246B7D7}.Release|Any CPU.Build.0 = Release|Any CPU
		{483D4FF0-7E5B-4B19-BBA1-84BC1DB5EB23}.Debug|Any CPU.ActiveCfg = Debug|Any CPU
		{483D4FF0-7E5B-4B19-BBA1-84BC1DB5EB23}.Debug|Any CPU.Build.0 = Debug|Any CPU
		{483D4FF0-7E5B-4B19-BBA1-84BC1DB5EB23}.Release|Any CPU.ActiveCfg = Release|Any CPU
		{483D4FF0-7E5B-4B19-BBA1-84BC1DB5EB23}.Release|Any CPU.Build.0 = Release|Any CPU
		{12D1D759-151C-4BAD-9E37-021DD746F5DF}.Debug|Any CPU.ActiveCfg = Debug|Any CPU
		{12D1D759-151C-4BAD-9E37-021DD746F5DF}.Debug|Any CPU.Build.0 = Debug|Any CPU
		{12D1D759-151C-4BAD-9E37-021DD746F5DF}.Release|Any CPU.ActiveCfg = Release|Any CPU
		{12D1D759-151C-4BAD-9E37-021DD746F5DF}.Release|Any CPU.Build.0 = Release|Any CPU
		{D723674E-F379-4D30-80D4-B4D90CC418D3}.Debug|Any CPU.ActiveCfg = Debug|Any CPU
		{D723674E-F379-4D30-80D4-B4D90CC418D3}.Debug|Any CPU.Build.0 = Debug|Any CPU
		{D723674E-F379-4D30-80D4-B4D90CC418D3}.Release|Any CPU.ActiveCfg = Release|Any CPU
		{D723674E-F379-4D30-80D4-B4D90CC418D3}.Release|Any CPU.Build.0 = Release|Any CPU
		{97C21784-9394-4453-837B-C55A11A80955}.Debug|Any CPU.ActiveCfg = Debug|Any CPU
		{97C21784-9394-4453-837B-C55A11A80955}.Debug|Any CPU.Build.0 = Debug|Any CPU
		{97C21784-9394-4453-837B-C55A11A80955}.Release|Any CPU.ActiveCfg = Release|Any CPU
		{97C21784-9394-4453-837B-C55A11A80955}.Release|Any CPU.Build.0 = Release|Any CPU
		{0AE2A0C3-9723-4786-98A0-AC6049C1AB1E}.Debug|Any CPU.ActiveCfg = Debug|Any CPU
		{0AE2A0C3-9723-4786-98A0-AC6049C1AB1E}.Debug|Any CPU.Build.0 = Debug|Any CPU
		{0AE2A0C3-9723-4786-98A0-AC6049C1AB1E}.Release|Any CPU.ActiveCfg = Release|Any CPU
		{0AE2A0C3-9723-4786-98A0-AC6049C1AB1E}.Release|Any CPU.Build.0 = Release|Any CPU
		{273D4739-B774-4779-91D2-BD409EE16FC9}.Debug|Any CPU.ActiveCfg = Debug|Any CPU
		{273D4739-B774-4779-91D2-BD409EE16FC9}.Debug|Any CPU.Build.0 = Debug|Any CPU
		{273D4739-B774-4779-91D2-BD409EE16FC9}.Release|Any CPU.ActiveCfg = Release|Any CPU
		{273D4739-B774-4779-91D2-BD409EE16FC9}.Release|Any CPU.Build.0 = Release|Any CPU
		{5AC7B2AD-9588-465E-BE45-1AD234EEA01C}.Debug|Any CPU.ActiveCfg = Debug|Any CPU
		{5AC7B2AD-9588-465E-BE45-1AD234EEA01C}.Debug|Any CPU.Build.0 = Debug|Any CPU
		{5AC7B2AD-9588-465E-BE45-1AD234EEA01C}.Release|Any CPU.ActiveCfg = Release|Any CPU
		{5AC7B2AD-9588-465E-BE45-1AD234EEA01C}.Release|Any CPU.Build.0 = Release|Any CPU
		{47DBA288-D8F6-4F28-9318-C58F30D6D9BE}.Debug|Any CPU.ActiveCfg = Debug|Any CPU
		{47DBA288-D8F6-4F28-9318-C58F30D6D9BE}.Debug|Any CPU.Build.0 = Debug|Any CPU
		{47DBA288-D8F6-4F28-9318-C58F30D6D9BE}.Release|Any CPU.ActiveCfg = Release|Any CPU
		{47DBA288-D8F6-4F28-9318-C58F30D6D9BE}.Release|Any CPU.Build.0 = Release|Any CPU
		{14E9B416-433F-4025-82DD-9EBAA91FCACF}.Debug|Any CPU.ActiveCfg = Debug|Any CPU
		{14E9B416-433F-4025-82DD-9EBAA91FCACF}.Debug|Any CPU.Build.0 = Debug|Any CPU
		{14E9B416-433F-4025-82DD-9EBAA91FCACF}.Release|Any CPU.ActiveCfg = Release|Any CPU
		{14E9B416-433F-4025-82DD-9EBAA91FCACF}.Release|Any CPU.Build.0 = Release|Any CPU
		{78DCB076-5458-424B-B3F5-A024E0C34D33}.Debug|Any CPU.ActiveCfg = Debug|Any CPU
		{78DCB076-5458-424B-B3F5-A024E0C34D33}.Debug|Any CPU.Build.0 = Debug|Any CPU
		{78DCB076-5458-424B-B3F5-A024E0C34D33}.Release|Any CPU.ActiveCfg = Release|Any CPU
		{78DCB076-5458-424B-B3F5-A024E0C34D33}.Release|Any CPU.Build.0 = Release|Any CPU
		{7EAD271B-89EE-465B-9682-107852B94FDB}.Debug|Any CPU.ActiveCfg = Debug|Any CPU
		{7EAD271B-89EE-465B-9682-107852B94FDB}.Debug|Any CPU.Build.0 = Debug|Any CPU
		{7EAD271B-89EE-465B-9682-107852B94FDB}.Release|Any CPU.ActiveCfg = Release|Any CPU
		{7EAD271B-89EE-465B-9682-107852B94FDB}.Release|Any CPU.Build.0 = Release|Any CPU
		{09B1C014-A98E-4DD7-BAA3-C9EDB627B1BC}.Debug|Any CPU.ActiveCfg = Debug|Any CPU
		{09B1C014-A98E-4DD7-BAA3-C9EDB627B1BC}.Debug|Any CPU.Build.0 = Debug|Any CPU
		{09B1C014-A98E-4DD7-BAA3-C9EDB627B1BC}.Release|Any CPU.ActiveCfg = Release|Any CPU
		{09B1C014-A98E-4DD7-BAA3-C9EDB627B1BC}.Release|Any CPU.Build.0 = Release|Any CPU
		{E2AE3C59-F66C-4ADA-8E55-7E22FFCCED3F}.Debug|Any CPU.ActiveCfg = Debug|Any CPU
		{E2AE3C59-F66C-4ADA-8E55-7E22FFCCED3F}.Debug|Any CPU.Build.0 = Debug|Any CPU
		{E2AE3C59-F66C-4ADA-8E55-7E22FFCCED3F}.Release|Any CPU.ActiveCfg = Release|Any CPU
		{E2AE3C59-F66C-4ADA-8E55-7E22FFCCED3F}.Release|Any CPU.Build.0 = Release|Any CPU
		{E2268090-D73A-44FD-A9CE-7BD31B8A8FEF}.Debug|Any CPU.ActiveCfg = Debug|Any CPU
		{E2268090-D73A-44FD-A9CE-7BD31B8A8FEF}.Debug|Any CPU.Build.0 = Debug|Any CPU
		{E2268090-D73A-44FD-A9CE-7BD31B8A8FEF}.Release|Any CPU.ActiveCfg = Release|Any CPU
		{E2268090-D73A-44FD-A9CE-7BD31B8A8FEF}.Release|Any CPU.Build.0 = Release|Any CPU
		{D9629649-B859-468F-8696-4576A3A0354D}.Debug|Any CPU.ActiveCfg = Debug|Any CPU
		{D9629649-B859-468F-8696-4576A3A0354D}.Debug|Any CPU.Build.0 = Debug|Any CPU
		{D9629649-B859-468F-8696-4576A3A0354D}.Release|Any CPU.ActiveCfg = Release|Any CPU
		{D9629649-B859-468F-8696-4576A3A0354D}.Release|Any CPU.Build.0 = Release|Any CPU
	EndGlobalSection
	GlobalSection(SolutionProperties) = preSolution
		HideSolutionNode = FALSE
	EndGlobalSection
EndGlobal
